Microsoft Visual Studio Solution File, Format Version 12.00
# Visual Studio Version 17
VisualStudioVersion = 17.2.32526.322
MinimumVisualStudioVersion = 10.0.40219.1
Project("{9A19103F-16F7-4668-BE54-9A1E7A4F7556}") = "Woohooer", "Woohooer\Woohooer.csproj", "{3FE346CF-0486-4983-AC33-87CFA051D01E}"
EndProject
Global
	GlobalSection(SolutionConfigurationPlatforms) = preSolution
		Debug|Any CPU = Debug|Any CPU
		Release|Any CPU = Release|Any CPU
	EndGlobalSection
	GlobalSection(ProjectConfigurationPlatforms) = postSolution
		{3FE346CF-0486-4983-AC33-87CFA051D01E}.Debug|Any CPU.ActiveCfg = Debug|Any CPU
		{3FE346CF-0486-4983-AC33-87CFA051D01E}.Debug|Any CPU.Build.0 = Debug|Any CPU
		{3FE346CF-0486-4983-AC33-87CFA051D01E}.Release|Any CPU.ActiveCfg = Release|Any CPU
		{3FE346CF-0486-4983-AC33-87CFA051D01E}.Release|Any CPU.Build.0 = Release|Any CPU
	EndGlobalSection
	GlobalSection(SolutionProperties) = preSolution
		HideSolutionNode = FALSE
	EndGlobalSection
	GlobalSection(ExtensibilityGlobals) = postSolution
		SolutionGuid = {ff90d289-ef06-4521-9676-a3dac44a99a7}
	EndGlobalSection
EndGlobal
